
Microsoft Visual Studio Solution File, Format Version 12.00
# Visual Studio Version 16
VisualStudioVersion = 16.0.30523.141
MinimumVisualStudioVersion = 10.0.40219.1
Project("{9A19103F-16F7-4668-BE54-9A1E7A4F7556}") = "DiffAssertions", "DiffAssertions\DiffAssertions.csproj", "{9CD63E80-E348-410E-AE46-0EF069617657}"
EndProject
Project("{9A19103F-16F7-4668-BE54-9A1E7A4F7556}") = "DiffAssertions.Tests", "DiffAssertions.Tests\DiffAssertions.Tests.csproj", "{FDA75868-FA12-4541-BB89-BFA2012F185B}"
EndProject
Project("{2150E333-8FDC-42A3-9474-1A3956D46DE8}") = "Solution Items", "Solution Items", "{34391910-1DFB-4C14-B688-F48ECD5A90F5}"
	ProjectSection(SolutionItems) = preProject
		.gitignore = .gitignore
		README.md = README.md
	EndProjectSection
EndProject
Project("{FAE04EC0-301F-11D3-BF4B-00C04F79EFBC}") = "DiffAssertions.FileCopier", "DiffAssertions.FileCopier\DiffAssertions.FileCopier.csproj", "{9FF1A1F0-E559-4B79-A77D-C12733DE7F67}"
EndProject
Global
	GlobalSection(SolutionConfigurationPlatforms) = preSolution
		Debug|Any CPU = Debug|Any CPU
		Release|Any CPU = Release|Any CPU
	EndGlobalSection
	GlobalSection(ProjectConfigurationPlatforms) = postSolution
		{9CD63E80-E348-410E-AE46-0EF069617657}.Debug|Any CPU.ActiveCfg = Debug|Any CPU
		{9CD63E80-E348-410E-AE46-0EF069617657}.Debug|Any CPU.Build.0 = Debug|Any CPU
		{9CD63E80-E348-410E-AE46-0EF069617657}.Release|Any CPU.ActiveCfg = Release|Any CPU
		{9CD63E80-E348-410E-AE46-0EF069617657}.Release|Any CPU.Build.0 = Release|Any CPU
		{FDA75868-FA12-4541-BB89-BFA2012F185B}.Debug|Any CPU.ActiveCfg = Debug|Any CPU
		{FDA75868-FA12-4541-BB89-BFA2012F185B}.Debug|Any CPU.Build.0 = Debug|Any CPU
		{FDA75868-FA12-4541-BB89-BFA2012F185B}.Release|Any CPU.ActiveCfg = Release|Any CPU
		{FDA75868-FA12-4541-BB89-BFA2012F185B}.Release|Any CPU.Build.0 = Release|Any CPU
		{9FF1A1F0-E559-4B79-A77D-C12733DE7F67}.Debug|Any CPU.ActiveCfg = Debug|Any CPU
		{9FF1A1F0-E559-4B79-A77D-C12733DE7F67}.Debug|Any CPU.Build.0 = Debug|Any CPU
		{9FF1A1F0-E559-4B79-A77D-C12733DE7F67}.Release|Any CPU.ActiveCfg = Release|Any CPU
		{9FF1A1F0-E559-4B79-A77D-C12733DE7F67}.Release|Any CPU.Build.0 = Release|Any CPU
	EndGlobalSection
	GlobalSection(SolutionProperties) = preSolution
		HideSolutionNode = FALSE
	EndGlobalSection
	GlobalSection(ExtensibilityGlobals) = postSolution
		SolutionGuid = {DB7F6831-2E74-499B-92C0-9F9531241CFC}
	EndGlobalSection
EndGlobal
